<?xml version="1.0" encoding="utf-8"?>
<Project ToolsVersion="4.0" xmlns="http://schemas.microsoft.com/developer/msbuild/2003">
  <ItemGroup>
    <Filter Include="Entry">
      <UniqueIdentifier>{941a4cf4-8cc6-4fab-9533-b90b8fde10f4}</UniqueIdentifier>
    </Filter>
    <Filter Include="Application">
      <UniqueIdentifier>{fdd083c9-6850-40b2-8869-32497e16d269}</UniqueIdentifier>
    </Filter>
    <Filter Include="Headers">
      <UniqueIdentifier>{a1218f65-cd01-464b-be65-8a64ddcca440}</UniqueIdentifier>
    </Filter>
    <Filter Include="Headers\pch">
      <UniqueIdentifier>{c04c6536-9c5f-4e23-ad82-b472292419b1}</UniqueIdentifier>
    </Filter>
    <Filter Include="Application\Base">
      <UniqueIdentifier>{9dd9d44e-530d-4fbd-875f-5ce5a3bc181f}</UniqueIdentifier>
    </Filter>
    <Filter Include="Application\Demos">
      <UniqueIdentifier>{811a121a-82a0-4718-9744-039002b23031}</UniqueIdentifier>
    </Filter>
    <Filter Include="Application\Demos\Chapter1">
      <UniqueIdentifier>{b1487e2a-b6d4-4927-84a8-02b023285cb9}</UniqueIdentifier>
    </Filter>
    <Filter Include="Application\Demos\Chapter2">
      <UniqueIdentifier>{63444a00-7757-408a-86de-9b9e4ecfd8eb}</UniqueIdentifier>
    </Filter>
    <Filter Include="WinObjects">
      <UniqueIdentifier>{5496685f-d06a-4f67-81dc-8e95fe46cd2d}</UniqueIdentifier>
    </Filter>
    <Filter Include="Utils">
      <UniqueIdentifier>{36572535-a0c2-4abe-8539-16e6b79c1623}</UniqueIdentifier>
    </Filter>
    <Filter Include="WinObjects\Shapes">
      <UniqueIdentifier>{20ed447f-12d9-4a32-9dc8-dd4ba575df55}</UniqueIdentifier>
    </Filter>
    <Filter Include="WinObjects\Shapes\Base">
      <UniqueIdentifier>{2185aac2-b304-4d79-8965-cde087179f4f}</UniqueIdentifier>
    </Filter>
    <Filter Include="Application\Demos\Chapter3">
      <UniqueIdentifier>{2c69e722-d666-47c0-840d-4707af2cb549}</UniqueIdentifier>
    </Filter>
    <Filter Include="Managers">
      <UniqueIdentifier>{64eea38b-4cba-45db-9430-42c24dc3928f}</UniqueIdentifier>
    </Filter>
    <Filter Include="DemoHelper">
      <UniqueIdentifier>{b1efdc83-d731-48d0-bc07-2a74df5d1f49}</UniqueIdentifier>
    </Filter>
    <Filter Include="DemoHelper\GameObject">
      <UniqueIdentifier>{501e0da7-2730-4d0e-836f-21644ed19484}</UniqueIdentifier>
    </Filter>
    <Filter Include="Application\Demos\Chapter4">
      <UniqueIdentifier>{d10531be-cdb4-43d5-ba63-8b79f1cbbca5}</UniqueIdentifier>
    </Filter>
    <Filter Include="Resources">
      <UniqueIdentifier>{aec2b353-2598-49a6-bcfd-718fa8a2d334}</UniqueIdentifier>
    </Filter>
    <Filter Include="Application\Demos\Chapter5">
      <UniqueIdentifier>{707eb646-32ac-4be8-939b-3c1dce66d96c}</UniqueIdentifier>
    </Filter>
    <Filter Include="Application\Demos\Chapter6">
      <UniqueIdentifier>{ae16e503-02a9-40df-8dfd-a17e89dff708}</UniqueIdentifier>
    </Filter>
  </ItemGroup>
  <ItemGroup>
    <ClCompile Include="main.cpp" />
    <ClCompile Include="Core.cpp">
      <Filter>Entry</Filter>
    </ClCompile>
    <ClCompile Include="pch.cpp">
      <Filter>Headers\pch</Filter>
    </ClCompile>
    <ClCompile Include="Application.cpp">
      <Filter>Application\Base</Filter>
    </ClCompile>
    <ClCompile Include="Demo0.cpp">
      <Filter>Application</Filter>
    </ClCompile>
    <ClCompile Include="Demo2023\Demo1_1.cpp">
      <Filter>Application\Demos\Chapter1</Filter>
    </ClCompile>
    <ClCompile Include="Demo2023\Demo1_2.cpp">
      <Filter>Application\Demos\Chapter1</Filter>
    </ClCompile>
    <ClCompile Include="Demo2023\Demo2_1.cpp">
      <Filter>Application\Demos\Chapter2</Filter>
    </ClCompile>
    <ClCompile Include="Utils.cpp">
      <Filter>Utils</Filter>
    </ClCompile>
    <ClCompile Include="TextBox.cpp">
      <Filter>WinObjects</Filter>
    </ClCompile>
    <ClCompile Include="Demo2023\Demo2_2.cpp">
      <Filter>Application\Demos\Chapter2</Filter>
    </ClCompile>
    <ClCompile Include="Demo2023\Demo2_3.cpp">
      <Filter>Application\Demos\Chapter2</Filter>
    </ClCompile>
    <ClCompile Include="Demo2023\Demo2_4.cpp">
      <Filter>Application\Demos\Chapter2</Filter>
    </ClCompile>
    <ClCompile Include="RandomGenerator.cpp">
      <Filter>Utils</Filter>
    </ClCompile>
    <ClCompile Include="Caret.cpp">
      <Filter>WinObjects</Filter>
    </ClCompile>
    <ClCompile Include="Demo2023\Demo2_5.cpp">
      <Filter>Application\Demos\Chapter2</Filter>
    </ClCompile>
    <ClCompile Include="Demo2023\Demo2_7.cpp">
      <Filter>Application\Demos\Chapter2</Filter>
    </ClCompile>
    <ClCompile Include="Demo2023\Demo2_8.cpp">
      <Filter>Application\Demos\Chapter2</Filter>
    </ClCompile>
    <ClCompile Include="Demo2023\Demo2_9.cpp">
      <Filter>Application\Demos\Chapter2</Filter>
    </ClCompile>
    <ClCompile Include="Pixel.cpp">
      <Filter>WinObjects\Shapes</Filter>
    </ClCompile>
    <ClCompile Include="Line.cpp">
      <Filter>WinObjects\Shapes</Filter>
    </ClCompile>
    <ClCompile Include="Ellipse.cpp">
      <Filter>WinObjects\Shapes</Filter>
    </ClCompile>
    <ClCompile Include="Demo2023\Demo2_10.cpp">
      <Filter>Application\Demos\Chapter2</Filter>
    </ClCompile>
    <ClCompile Include="Demo2023\Demo2_11.cpp">
      <Filter>Application\Demos\Chapter2</Filter>
    </ClCompile>
    <ClCompile Include="Polygon.cpp">
      <Filter>WinObjects\Shapes</Filter>
    </ClCompile>
    <ClCompile Include="Rectangle.cpp">
      <Filter>WinObjects\Shapes</Filter>
    </ClCompile>
    <ClCompile Include="Shapes.cpp">
      <Filter>WinObjects\Shapes\Base</Filter>
    </ClCompile>
    <ClCompile Include="Demo2023\Demo2_12.cpp">
      <Filter>Application\Demos\Chapter2</Filter>
    </ClCompile>
    <ClCompile Include="Demo2023\Demo2_13.cpp">
      <Filter>Application\Demos\Chapter2</Filter>
    </ClCompile>
    <ClCompile Include="Demo2023\Demo3_1.cpp">
      <Filter>Application\Demos\Chapter3</Filter>
    </ClCompile>
    <ClCompile Include="Timer.cpp">
      <Filter>WinObjects</Filter>
    </ClCompile>
    <ClCompile Include="TimerManager.cpp">
      <Filter>Managers</Filter>
    </ClCompile>
    <ClCompile Include="InputManager.cpp">
      <Filter>Managers</Filter>
    </ClCompile>
    <ClCompile Include="GameBoard.cpp">
      <Filter>DemoHelper</Filter>
    </ClCompile>
    <ClCompile Include="Demo2023\Demo3_2.cpp">
      <Filter>Application\Demos\Chapter3</Filter>
    </ClCompile>
    <ClCompile Include="Demo2023\Demo3_3.cpp">
      <Filter>Application\Demos\Chapter3</Filter>
    </ClCompile>
    <ClCompile Include="Demo2023\Demo3_4.cpp">
      <Filter>Application\Demos\Chapter3</Filter>
    </ClCompile>
    <ClCompile Include="GameObject.cpp">
      <Filter>DemoHelper\GameObject</Filter>
    </ClCompile>
    <ClCompile Include="TimeManager.cpp">
      <Filter>Managers</Filter>
    </ClCompile>
    <ClCompile Include="Demo2023\Demo4_1.cpp">
      <Filter>Application\Demos\Chapter4</Filter>
    </ClCompile>
    <ClCompile Include="Demo2023\Demo4_2.cpp">
      <Filter>Application\Demos\Chapter4</Filter>
    </ClCompile>
    <ClCompile Include="Demo2023\Demo4_3.cpp">
      <Filter>Application\Demos\Chapter4</Filter>
    </ClCompile>
    <ClCompile Include="Demo2023\Demo4_4.cpp">
      <Filter>Application\Demos\Chapter4</Filter>
    </ClCompile>
    <ClCompile Include="Demo2023\Demo5_1.cpp">
      <Filter>Application\Demos\Chapter5</Filter>
    </ClCompile>
    <ClCompile Include="Demo2023\Demo5_2.cpp">
      <Filter>Application\Demos\Chapter5</Filter>
    </ClCompile>
    <ClCompile Include="Bitmap.cpp">
      <Filter>WinObjects</Filter>
    </ClCompile>
    <ClCompile Include="Demo2023\Demo5_4.cpp">
      <Filter>Application\Demos\Chapter5</Filter>
    </ClCompile>
    <ClCompile Include="Animation.cpp" />
    <ClCompile Include="Image.cpp" />
    <ClCompile Include="Demo2023\Demo6_1.cpp">
      <Filter>Application\Demos\Chapter6</Filter>
    </ClCompile>
    <ClCompile Include="Dialog.cpp" />
  </ItemGroup>
  <ItemGroup>
    <ClInclude Include="Core.h">
      <Filter>Entry</Filter>
    </ClInclude>
    <ClInclude Include="pch.h">
      <Filter>Headers\pch</Filter>
    </ClInclude>
    <ClInclude Include="Application.h">
      <Filter>Application\Base</Filter>
    </ClInclude>
    <ClInclude Include="Define.h">
      <Filter>Headers</Filter>
    </ClInclude>
    <ClInclude Include="Demo0.h">
      <Filter>Application</Filter>
    </ClInclude>
    <ClInclude Include="WinObjWrapper.h">
      <Filter>Headers</Filter>
    </ClInclude>
    <ClInclude Include="Types.h">
      <Filter>Headers</Filter>
    </ClInclude>
    <ClInclude Include="Demo2023\Demo1_1.h">
      <Filter>Application\Demos\Chapter1</Filter>
    </ClInclude>
    <ClInclude Include="Demo2023\Demo1_2.h">
      <Filter>Application\Demos\Chapter1</Filter>
    </ClInclude>
    <ClInclude Include="Demo2023\Demo2_1.h">
      <Filter>Application\Demos\Chapter2</Filter>
    </ClInclude>
    <ClInclude Include="Utils.h">
      <Filter>Utils</Filter>
    </ClInclude>
    <ClInclude Include="TextBox.h">
      <Filter>WinObjects</Filter>
    </ClInclude>
    <ClInclude Include="Demo2023\Demo2_2.h">
      <Filter>Application\Demos\Chapter2</Filter>
    </ClInclude>
    <ClInclude Include="Demo2023\Demo2_3.h">
      <Filter>Application\Demos\Chapter2</Filter>
    </ClInclude>
    <ClInclude Include="Demo2023\Demo2_4.h">
      <Filter>Application\Demos\Chapter2</Filter>
    </ClInclude>
    <ClInclude Include="RandomGenerator.h">
      <Filter>Utils</Filter>
    </ClInclude>
    <ClInclude Include="Caret.h">
      <Filter>WinObjects</Filter>
    </ClInclude>
    <ClInclude Include="Demo2023\Demo2_5.h">
      <Filter>Application\Demos\Chapter2</Filter>
    </ClInclude>
    <ClInclude Include="Demo2023\Demo2_7.h">
      <Filter>Application\Demos\Chapter2</Filter>
    </ClInclude>
    <ClInclude Include="Demo2023\Demo2_8.h">
      <Filter>Application\Demos\Chapter2</Filter>
    </ClInclude>
    <ClInclude Include="Demo2023\Demo2_9.h">
      <Filter>Application\Demos\Chapter2</Filter>
    </ClInclude>
    <ClInclude Include="Pixel.h">
      <Filter>WinObjects\Shapes</Filter>
    </ClInclude>
    <ClInclude Include="Line.h">
      <Filter>WinObjects\Shapes</Filter>
    </ClInclude>
    <ClInclude Include="Ellipse.h">
      <Filter>WinObjects\Shapes</Filter>
    </ClInclude>
    <ClInclude Include="Demo2023\Demo2_10.h">
      <Filter>Application\Demos\Chapter2</Filter>
    </ClInclude>
    <ClInclude Include="Demo2023\Demo2_11.h">
      <Filter>Application\Demos\Chapter2</Filter>
    </ClInclude>
    <ClInclude Include="Polygon.h">
      <Filter>WinObjects\Shapes</Filter>
    </ClInclude>
    <ClInclude Include="Rectangle.h">
      <Filter>WinObjects\Shapes</Filter>
    </ClInclude>
    <ClInclude Include="Shapes.h">
      <Filter>WinObjects\Shapes\Base</Filter>
    </ClInclude>
    <ClInclude Include="Demo2023\Demo2_12.h">
      <Filter>Application\Demos\Chapter2</Filter>
    </ClInclude>
    <ClInclude Include="Demo2023\Demo2_13.h">
      <Filter>Application\Demos\Chapter2</Filter>
    </ClInclude>
    <ClInclude Include="Demo2023\Demo3_1.h">
      <Filter>Application\Demos\Chapter3</Filter>
    </ClInclude>
    <ClInclude Include="Timer.h">
      <Filter>WinObjects</Filter>
    </ClInclude>
    <ClInclude Include="TimerManager.h">
      <Filter>Managers</Filter>
    </ClInclude>
    <ClInclude Include="InputManager.h">
      <Filter>Managers</Filter>
    </ClInclude>
    <ClInclude Include="GameBoard.h">
      <Filter>DemoHelper</Filter>
    </ClInclude>
    <ClInclude Include="Demo2023\Demo3_2.h">
      <Filter>Application\Demos\Chapter3</Filter>
    </ClInclude>
    <ClInclude Include="Demo2023\Demo3_3.h">
      <Filter>Application\Demos\Chapter3</Filter>
    </ClInclude>
    <ClInclude Include="Demo2023\Demo3_4.h">
      <Filter>Application\Demos\Chapter3</Filter>
    </ClInclude>
    <ClInclude Include="GameObject.h">
      <Filter>DemoHelper\GameObject</Filter>
    </ClInclude>
    <ClInclude Include="TimeManager.h">
      <Filter>Managers</Filter>
    </ClInclude>
    <ClInclude Include="Demo2023\Demo4_1.h">
      <Filter>Application\Demos\Chapter4</Filter>
    </ClInclude>
    <ClInclude Include="resource.h">
      <Filter>Resources</Filter>
    </ClInclude>
    <ClInclude Include="Demo2023\Demo4_2.h">
      <Filter>Application\Demos\Chapter4</Filter>
    </ClInclude>
    <ClInclude Include="Demo2023\Demo4_3.h">
      <Filter>Application\Demos\Chapter4</Filter>
    </ClInclude>
    <ClInclude Include="Demo2023\Demo4_4.h">
      <Filter>Application\Demos\Chapter4</Filter>
    </ClInclude>
    <ClInclude Include="Demo2023\Demo5_1.h">
      <Filter>Application\Demos\Chapter5</Filter>
    </ClInclude>
    <ClInclude Include="Demo2023\Demo5_2.h">
      <Filter>Application\Demos\Chapter5</Filter>
    </ClInclude>
    <ClInclude Include="Bitmap.h">
      <Filter>WinObjects</Filter>
    </ClInclude>
    <ClInclude Include="Demo2023\Demo5_4.h">
      <Filter>Application\Demos\Chapter5</Filter>
    </ClInclude>
    <ClInclude Include="Animation.h" />
    <ClInclude Include="Image.h" />
    <ClInclude Include="Demo2023\Demo6_1.h">
      <Filter>Application\Demos\Chapter6</Filter>
    </ClInclude>
    <ClInclude Include="Dialog.h" />
  </ItemGroup>
  <ItemGroup>
    <ResourceCompile Include="WinAPIFramework.rc">
      <Filter>Resources</Filter>
    </ResourceCompile>
  </ItemGroup>
  <ItemGroup>
    <Text Include="Demo2023\about chapter5 demos.txt">
      <Filter>Application\Demos\Chapter5</Filter>
    </Text>
  </ItemGroup>
  <ItemGroup>
    <Image Include="bitmap1.bmp" />
  </ItemGroup>
</Project>